
Microsoft Visual Studio Solution File, Format Version 12.00
# Visual Studio Version 16
VisualStudioVersion = 16.0.31424.327
MinimumVisualStudioVersion = 10.0.40219.1
Project("{FAE04EC0-301F-11D3-BF4B-00C04F79EFBC}") = "Rep", "Rep\Rep.csproj", "{F55A4476-3A73-4D88-A574-85536CC114C2}"
EndProject
Global
	GlobalSection(SolutionConfigurationPlatforms) = preSolution
		Debug|Any CPU = Debug|Any CPU
		Release|Any CPU = Release|Any CPU
	EndGlobalSection
	GlobalSection(ProjectConfigurationPlatforms) = postSolution
		{F55A4476-3A73-4D88-A574-85536CC114C2}.Debug|Any CPU.ActiveCfg = Debug|Any CPU
		{F55A4476-3A73-4D88-A574-85536CC114C2}.Debug|Any CPU.Build.0 = Debug|Any CPU
		{F55A4476-3A73-4D88-A574-85536CC114C2}.Release|Any CPU.ActiveCfg = Release|Any CPU
		{F55A4476-3A73-4D88-A574-85536CC114C2}.Release|Any CPU.Build.0 = Release|Any CPU
	EndGlobalSection
	GlobalSection(SolutionProperties) = preSolution
		HideSolutionNode = FALSE
	EndGlobalSection
	GlobalSection(ExtensibilityGlobals) = postSolution
		SolutionGuid = {635E4B12-EE78-4CDE-9DDE-2841B37D2892}
	EndGlobalSection
EndGlobal
